Microsoft Visual Studio Solution File, Format Version 12.00
# Visual Studio 15
VisualStudioVersion = 15.0.28307.779
MinimumVisualStudioVersion = 10.0.40219.1
Project("{FAE04EC0-301F-11D3-BF4B-00C04F79EFBC}") = "MobilpayEncryptDecrypt", "MobilpayEncryptDecrypt.csproj", "{F7D53248-CD9C-40AC-9A44-5CF1B33FEDC6}"
EndProject
Global
	GlobalSection(SolutionConfigurationPlatforms) = preSolution
		Debug|Any CPU = Debug|Any CPU
		Release|Any CPU = Release|Any CPU
	EndGlobalSection
	GlobalSection(ProjectConfigurationPlatforms) = postSolution
		{F7D53248-CD9C-40AC-9A44-5CF1B33FEDC6}.Debug|Any CPU.ActiveCfg = Debug|x86
		{F7D53248-CD9C-40AC-9A44-5CF1B33FEDC6}.Release|Any CPU.ActiveCfg = Debug|x86
		{F7D53248-CD9C-40AC-9A44-5CF1B33FEDC6}.Release|Any CPU.Build.0 = Debug|x86
	EndGlobalSection
	GlobalSection(SolutionProperties) = preSolution
		HideSolutionNode = FALSE
	EndGlobalSection
	GlobalSection(ExtensibilityGlobals) = postSolution
		SolutionGuid = {FA59C9EC-E5EF-40CC-9251-D95693788020}
	EndGlobalSection
EndGlobal
